// !$*UTF8*$!
{
	archiveVersion = 1;
	classes = {
	};
	objectVersion = 50;
	objects = {

/* Begin PBXBuildFile section */
		C430C3952590FD5900C1B0A6 /* AppDelegate.swift in Sources */ = {isa = PBXBuildFile; fileRef = C430C3942590FD5900C1B0A6 /* AppDelegate.swift */; };
		C430C3972590FD5900C1B0A6 /* WorldScene.sks in Resources */ = {isa = PBXBuildFile; fileRef = C430C3962590FD5900C1B0A6 /* WorldScene.sks */; };
		C430C39B2590FD5900C1B0A6 /* WorldScene.swift in Sources */ = {isa = PBXBuildFile; fileRef = C430C39A2590FD5900C1B0A6 /* WorldScene.swift */; };
		C430C39D2590FD5900C1B0A6 /* GameViewController.swift in Sources */ = {isa = PBXBuildFile; fileRef = C430C39C2590FD5900C1B0A6 /* GameViewController.swift */; };
		C430C3A02590FD5900C1B0A6 /* Main.storyboard in Resources */ = {isa = PBXBuildFile; fileRef = C430C39E2590FD5900C1B0A6 /* Main.storyboard */; };
		C430C3A22590FD5D00C1B0A6 /* Assets.xcassets in Resources */ = {isa = PBXBuildFile; fileRef = C430C3A12590FD5D00C1B0A6 /* Assets.xcassets */; };
		C430C3C82590FE4800C1B0A6 /* 9.png in Resources */ = {isa = PBXBuildFile; fileRef = C430C3AE2590FE4400C1B0A6 /* 9.png */; };
		C430C3C92590FE4800C1B0A6 /* redbird-downflap.png in Resources */ = {isa = PBXBuildFile; fileRef = C430C3AF2590FE4400C1B0A6 /* redbird-downflap.png */; };
		C430C3CA2590FE4800C1B0A6 /* 1.png in Resources */ = {isa = PBXBuildFile; fileRef = C430C3B02590FE4400C1B0A6 /* 1.png */; };
		C430C3CB2590FE4800C1B0A6 /* 2.png in Resources */ = {isa = PBXBuildFile; fileRef = C430C3B12590FE4400C1B0A6 /* 2.png */; };
		C430C3CC2590FE4800C1B0A6 /* bluebird-midflap.png in Resources */ = {isa = PBXBuildFile; fileRef = C430C3B22590FE4400C1B0A6 /* bluebird-midflap.png */; };
		C430C3CD2590FE4800C1B0A6 /* 5.png in Resources */ = {isa = PBXBuildFile; fileRef = C430C3B32590FE4500C1B0A6 /* 5.png */; };
		C430C3CE2590FE4800C1B0A6 /* message.png in Resources */ = {isa = PBXBuildFile; fileRef = C430C3B42590FE4500C1B0A6 /* message.png */; };
		C430C3CF2590FE4800C1B0A6 /* bluebird-downflap.png in Resources */ = {isa = PBXBuildFile; fileRef = C430C3B52590FE4500C1B0A6 /* bluebird-downflap.png */; };
		C430C3D02590FE4800C1B0A6 /* 0.png in Resources */ = {isa = PBXBuildFile; fileRef = C430C3B62590FE4600C1B0A6 /* 0.png */; };
		C430C3D12590FE4800C1B0A6 /* gameover.png in Resources */ = {isa = PBXBuildFile; fileRef = C430C3B72590FE4600C1B0A6 /* gameover.png */; };
		C430C3D22590FE4800C1B0A6 /* 6.png in Resources */ = {isa = PBXBuildFile; fileRef = C430C3B82590FE4600C1B0A6 /* 6.png */; };
		C430C3D32590FE4800C1B0A6 /* redbird-upflap.png in Resources */ = {isa = PBXBuildFile; fileRef = C430C3B92590FE4600C1B0A6 /* redbird-upflap.png */; };
		C430C3D42590FE4800C1B0A6 /* background-day.png in Resources */ = {isa = PBXBuildFile; fileRef = C430C3BA2590FE4600C1B0A6 /* background-day.png */; };
		C430C3D52590FE4800C1B0A6 /* yellowbird-upflap.png in Resources */ = {isa = PBXBuildFile; fileRef = C430C3BB2590FE4600C1B0A6 /* yellowbird-upflap.png */; };
		C430C3D62590FE4800C1B0A6 /* base.png in Resources */ = {isa = PBXBuildFile; fileRef = C430C3BC2590FE4600C1B0A6 /* base.png */; };
		C430C3D72590FE4800C1B0A6 /* 8.png in Resources */ = {isa = PBXBuildFile; fileRef = C430C3BD2590FE4700C1B0A6 /* 8.png */; };
		C430C3D82590FE4800C1B0A6 /* pipe-red.png in Resources */ = {isa = PBXBuildFile; fileRef = C430C3BE2590FE4700C1B0A6 /* pipe-red.png */; };
		C430C3D92590FE4800C1B0A6 /* yellowbird-downflap.png in Resources */ = {isa = PBXBuildFile; fileRef = C430C3BF2590FE4700C1B0A6 /* yellowbird-downflap.png */; };
		C430C3DA2590FE4800C1B0A6 /* 3.png in Resources */ = {isa = PBXBuildFile; fileRef = C430C3C02590FE4700C1B0A6 /* 3.png */; };
		C430C3DB2590FE4800C1B0A6 /* redbird-midflap.png in Resources */ = {isa = PBXBuildFile; fileRef = C430C3C12590FE4700C1B0A6 /* redbird-midflap.png */; };
		C430C3DC2590FE4800C1B0A6 /* pipe-green.png in Resources */ = {isa = PBXBuildFile; fileRef = C430C3C22590FE4700C1B0A6 /* pipe-green.png */; };
		C430C3DD2590FE4800C1B0A6 /* 7.png in Resources */ = {isa = PBXBuildFile; fileRef = C430C3C32590FE4700C1B0A6 /* 7.png */; };
		C430C3DE2590FE4800C1B0A6 /* bluebird-upflap.png in Resources */ = {isa = PBXBuildFile; fileRef = C430C3C42590FE4800C1B0A6 /* bluebird-upflap.png */; };
		C430C3DF2590FE4800C1B0A6 /* 4.png in Resources */ = {isa = PBXBuildFile; fileRef = C430C3C52590FE4800C1B0A6 /* 4.png */; };
		C430C3E02590FE4800C1B0A6 /* background-night.png in Resources */ = {isa = PBXBuildFile; fileRef = C430C3C62590FE4800C1B0A6 /* background-night.png */; };
		C430C3E12590FE4800C1B0A6 /* yellowbird-midflap.png in Resources */ = {isa = PBXBuildFile; fileRef = C430C3C72590FE4800C1B0A6 /* yellowbird-midflap.png */; };
		C430C3E42591076A00C1B0A6 /* Base.swift in Sources */ = {isa = PBXBuildFile; fileRef = C430C3E32591076A00C1B0A6 /* Base.swift */; };
		C430C3E92591224D00C1B0A6 /* Player.swift in Sources */ = {isa = PBXBuildFile; fileRef = C430C3E82591224D00C1B0A6 /* Player.swift */; };
		C430C3EC25915B4800C1B0A6 /* PipesGenerator.swift in Sources */ = {isa = PBXBuildFile; fileRef = C430C3EB25915B4800C1B0A6 /* PipesGenerator.swift */; };
		C430C4122592A5CE00C1B0A6 /* UserInterface.swift in Sources */ = {isa = PBXBuildFile; fileRef = C430C4112592A5CE00C1B0A6 /* UserInterface.swift */; };
		C430C4152592AD2900C1B0A6 /* playbutton.png in Resources */ = {isa = PBXBuildFile; fileRef = C430C4142592AD2900C1B0A6 /* playbutton.png */; };
		C4917488259742EA000D09BA /* WorldSceneController.swift in Sources */ = {isa = PBXBuildFile; fileRef = C4917487259742EA000D09BA /* WorldSceneController.swift */; };
/* End PBXBuildFile section */

/* Begin PBXFileReference section */
		C430C3912590FD5800C1B0A6 /* FlappyBird.app */ = {isa = PBXFileReference; explicitFileType = wrapper.application; includeInIndex = 0; path = FlappyBird.app; sourceTree = BUILT_PRODUCTS_DIR; };
		C430C3942590FD5900C1B0A6 /* AppDelegate.swift */ = {isa = PBXFileReference; lastKnownFileType = sourcecode.swift; path = AppDelegate.swift; sourceTree = "<group>"; };
		C430C3962590FD5900C1B0A6 /* WorldScene.sks */ = {isa = PBXFileReference; lastKnownFileType = file.sks; path = WorldScene.sks; sourceTree = "<group>"; };
		C430C39A2590FD5900C1B0A6 /* WorldScene.swift */ = {isa = PBXFileReference; lastKnownFileType = sourcecode.swift; path = WorldScene.swift; sourceTree = "<group>"; };
		C430C39C2590FD5900C1B0A6 /* GameViewController.swift */ = {isa = PBXFileReference; lastKnownFileType = sourcecode.swift; path = GameViewController.swift; sourceTree = "<group>"; };
		C430C39F2590FD5900C1B0A6 /* Base */ = {isa = PBXFileReference; lastKnownFileType = file.storyboard; name = Base; path = Base.lproj/Main.storyboard; sourceTree = "<group>"; };
		C430C3A12590FD5D00C1B0A6 /* Assets.xcassets */ = {isa = PBXFileReference; lastKnownFileType = folder.assetcatalog; path = Assets.xcassets; sourceTree = "<group>"; };
		C430C3A32590FD5D00C1B0A6 /* Info.plist */ = {isa = PBXFileReference; lastKnownFileType = text.plist.xml; path = Info.plist; sourceTree = "<group>"; };
		C430C3AE2590FE4400C1B0A6 /* 9.png */ = {isa = PBXFileReference; lastKnownFileType = image.png; path = 9.png; sourceTree = "<group>"; };
		C430C3AF2590FE4400C1B0A6 /* redbird-downflap.png */ = {isa = PBXFileReference; lastKnownFileType = image.png; path = "redbird-downflap.png"; sourceTree = "<group>"; };
		C430C3B02590FE4400C1B0A6 /* 1.png */ = {isa = PBXFileReference; lastKnownFileType = image.png; path = 1.png; sourceTree = "<group>"; };
		C430C3B12590FE4400C1B0A6 /* 2.png */ = {isa = PBXFileReference; lastKnownFileType = image.png; path = 2.png; sourceTree = "<group>"; };
		C430C3B22590FE4400C1B0A6 /* bluebird-midflap.png */ = {isa = PBXFileReference; lastKnownFileType = image.png; path = "bluebird-midflap.png"; sourceTree = "<group>"; };
		C430C3B32590FE4500C1B0A6 /* 5.png */ = {isa = PBXFileReference; lastKnownFileType = image.png; path = 5.png; sourceTree = "<group>"; };
		C430C3B42590FE4500C1B0A6 /* message.png */ = {isa = PBXFileReference; lastKnownFileType = image.png; path = message.png; sourceTree = "<group>"; };
		C430C3B52590FE4500C1B0A6 /* bluebird-downflap.png */ = {isa = PBXFileReference; lastKnownFileType = image.png; path = "bluebird-downflap.png"; sourceTree = "<group>"; };
		C430C3B62590FE4600C1B0A6 /* 0.png */ = {isa = PBXFileReference; lastKnownFileType = image.png; path = 0.png; sourceTree = "<group>"; };
		C430C3B72590FE4600C1B0A6 /* gameover.png */ = {isa = PBXFileReference; lastKnownFileType = image.png; path = gameover.png; sourceTree = "<group>"; };
		C430C3B82590FE4600C1B0A6 /* 6.png */ = {isa = PBXFileReference; lastKnownFileType = image.png; path = 6.png; sourceTree = "<group>"; };
		C430C3B92590FE4600C1B0A6 /* redbird-upflap.png */ = {isa = PBXFileReference; lastKnownFileType = image.png; path = "redbird-upflap.png"; sourceTree = "<group>"; };
		C430C3BA2590FE4600C1B0A6 /* background-day.png */ = {isa = PBXFileReference; lastKnownFileType = image.png; path = "background-day.png"; sourceTree = "<group>"; };
		C430C3BB2590FE4600C1B0A6 /* yellowbird-upflap.png */ = {isa = PBXFileReference; lastKnownFileType = image.png; path = "yellowbird-upflap.png"; sourceTree = "<group>"; };
		C430C3BC2590FE4600C1B0A6 /* base.png */ = {isa = PBXFileReference; lastKnownFileType = image.png; path = base.png; sourceTree = "<group>"; };
		C430C3BD2590FE4700C1B0A6 /* 8.png */ = {isa = PBXFileReference; lastKnownFileType = image.png; path = 8.png; sourceTree = "<group>"; };
		C430C3BE2590FE4700C1B0A6 /* pipe-red.png */ = {isa = PBXFileReference; lastKnownFileType = image.png; path = "pipe-red.png"; sourceTree = "<group>"; };
		C430C3BF2590FE4700C1B0A6 /* yellowbird-downflap.png */ = {isa = PBXFileReference; lastKnownFileType = image.png; path = "yellowbird-downflap.png"; sourceTree = "<group>"; };
		C430C3C02590FE4700C1B0A6 /* 3.png */ = {isa = PBXFileReference; lastKnownFileType = image.png; path = 3.png; sourceTree = "<group>"; };
		C430C3C12590FE4700C1B0A6 /* redbird-midflap.png */ = {isa = PBXFileReference; lastKnownFileType = image.png; path = "redbird-midflap.png"; sourceTree = "<group>"; };
		C430C3C22590FE4700C1B0A6 /* pipe-green.png */ = {isa = PBXFileReference; lastKnownFileType = image.png; path = "pipe-green.png"; sourceTree = "<group>"; };
		C430C3C32590FE4700C1B0A6 /* 7.png */ = {isa = PBXFileReference; lastKnownFileType = image.png; path = 7.png; sourceTree = "<group>"; };
		C430C3C42590FE4800C1B0A6 /* bluebird-upflap.png */ = {isa = PBXFileReference; lastKnownFileType = image.png; path = "bluebird-upflap.png"; sourceTree = "<group>"; };
		C430C3C52590FE4800C1B0A6 /* 4.png */ = {isa = PBXFileReference; lastKnownFileType = image.png; path = 4.png; sourceTree = "<group>"; };
		C430C3C62590FE4800C1B0A6 /* background-night.png */ = {isa = PBXFileReference; lastKnownFileType = image.png; path = "background-night.png"; sourceTree = "<group>"; };
		C430C3C72590FE4800C1B0A6 /* yellowbird-midflap.png */ = {isa = PBXFileReference; lastKnownFileType = image.png; path = "yellowbird-midflap.png"; sourceTree = "<group>"; };
		C430C3E32591076A00C1B0A6 /* Base.swift */ = {isa = PBXFileReference; lastKnownFileType = sourcecode.swift; path = Base.swift; sourceTree = "<group>"; };
		C430C3E82591224D00C1B0A6 /* Player.swift */ = {isa = PBXFileReference; lastKnownFileType = sourcecode.swift; path = Player.swift; sourceTree = "<group>"; };
		C430C3EB25915B4800C1B0A6 /* PipesGenerator.swift */ = {isa = PBXFileReference; lastKnownFileType = sourcecode.swift; path = PipesGenerator.swift; sourceTree = "<group>"; };
		C430C4112592A5CE00C1B0A6 /* UserInterface.swift */ = {isa = PBXFileReference; lastKnownFileType = sourcecode.swift; path = UserInterface.swift; sourceTree = "<group>"; };
		C430C4142592AD2900C1B0A6 /* playbutton.png */ = {isa = PBXFileReference; lastKnownFileType = image.png; path = playbutton.png; sourceTree = "<group>"; };
		C4917487259742EA000D09BA /* WorldSceneController.swift */ = {isa = PBXFileReference; lastKnownFileType = sourcecode.swift; path = WorldSceneController.swift; sourceTree = "<group>"; };
/* End PBXFileReference section */

/* Begin PBXFrameworksBuildPhase section */
		C430C38E2590FD5800C1B0A6 /* Frameworks */ = {
			isa = PBXFrameworksBuildPhase;
			buildActionMask = 2147483647;
			files = (
			);
			runOnlyForDeploymentPostprocessing = 0;
		};
/* End PBXFrameworksBuildPhase section */

/* Begin PBXGroup section */
		C430C3882590FD5800C1B0A6 = {
			isa = PBXGroup;
			children = (
				C430C3932590FD5800C1B0A6 /* FlappyBird */,
				C430C3922590FD5800C1B0A6 /* Products */,
			);
			sourceTree = "<group>";
		};
		C430C3922590FD5800C1B0A6 /* Products */ = {
			isa = PBXGroup;
			children = (
				C430C3912590FD5800C1B0A6 /* FlappyBird.app */,
			);
			name = Products;
			sourceTree = "<group>";
		};
		C430C3932590FD5800C1B0A6 /* FlappyBird */ = {
			isa = PBXGroup;
			children = (
				C430C3AD2590FE2E00C1B0A6 /* Assets */,
				C430C3942590FD5900C1B0A6 /* AppDelegate.swift */,
				C430C3962590FD5900C1B0A6 /* WorldScene.sks */,
				C430C4112592A5CE00C1B0A6 /* UserInterface.swift */,
				C430C3E82591224D00C1B0A6 /* Player.swift */,
				C430C3E62591078900C1B0A6 /* World */,
				C430C39C2590FD5900C1B0A6 /* GameViewController.swift */,
				C430C39E2590FD5900C1B0A6 /* Main.storyboard */,
				C430C3A12590FD5D00C1B0A6 /* Assets.xcassets */,
				C430C3A32590FD5D00C1B0A6 /* Info.plist */,
			);
			path = FlappyBird;
			sourceTree = "<group>";
		};
		C430C3AD2590FE2E00C1B0A6 /* Assets */ = {
			isa = PBXGroup;
			children = (
				C430C4142592AD2900C1B0A6 /* playbutton.png */,
				C430C3B62590FE4600C1B0A6 /* 0.png */,
				C430C3B02590FE4400C1B0A6 /* 1.png */,
				C430C3B12590FE4400C1B0A6 /* 2.png */,
				C430C3C02590FE4700C1B0A6 /* 3.png */,
				C430C3C52590FE4800C1B0A6 /* 4.png */,
				C430C3B32590FE4500C1B0A6 /* 5.png */,
				C430C3B82590FE4600C1B0A6 /* 6.png */,
				C430C3C32590FE4700C1B0A6 /* 7.png */,
				C430C3BD2590FE4700C1B0A6 /* 8.png */,
				C430C3AE2590FE4400C1B0A6 /* 9.png */,
				C430C3BA2590FE4600C1B0A6 /* background-day.png */,
				C430C3C62590FE4800C1B0A6 /* background-night.png */,
				C430C3BC2590FE4600C1B0A6 /* base.png */,
				C430C3B52590FE4500C1B0A6 /* bluebird-downflap.png */,
				C430C3B22590FE4400C1B0A6 /* bluebird-midflap.png */,
				C430C3C42590FE4800C1B0A6 /* bluebird-upflap.png */,
				C430C3B72590FE4600C1B0A6 /* gameover.png */,
				C430C3B42590FE4500C1B0A6 /* message.png */,
				C430C3C22590FE4700C1B0A6 /* pipe-green.png */,
				C430C3BE2590FE4700C1B0A6 /* pipe-red.png */,
				C430C3AF2590FE4400C1B0A6 /* redbird-downflap.png */,
				C430C3C12590FE4700C1B0A6 /* redbird-midflap.png */,
				C430C3B92590FE4600C1B0A6 /* redbird-upflap.png */,
				C430C3BF2590FE4700C1B0A6 /* yellowbird-downflap.png */,
				C430C3C72590FE4800C1B0A6 /* yellowbird-midflap.png */,
				C430C3BB2590FE4600C1B0A6 /* yellowbird-upflap.png */,
			);
			path = Assets;
			sourceTree = "<group>";
		};
		C430C3E62591078900C1B0A6 /* World */ = {
			isa = PBXGroup;
			children = (
				C430C39A2590FD5900C1B0A6 /* WorldScene.swift */,
				C4917487259742EA000D09BA /* WorldSceneController.swift */,
				C430C3E32591076A00C1B0A6 /* Base.swift */,
				C430C3EB25915B4800C1B0A6 /* PipesGenerator.swift */,
			);
			path = World;
			sourceTree = "<group>";
		};
/* End PBXGroup section */

/* Begin PBXNativeTarget section */
		C430C3902590FD5800C1B0A6 /* FlappyBird */ = {
			isa = PBXNativeTarget;
			buildConfigurationList = C430C3A62590FD5D00C1B0A6 /* Build configuration list for PBXNativeTarget "FlappyBird" */;
			buildPhases = (
				C430C38D2590FD5800C1B0A6 /* Sources */,
				C430C38E2590FD5800C1B0A6 /* Frameworks */,
				C430C38F2590FD5800C1B0A6 /* Resources */,
			);
			buildRules = (
			);
			dependencies = (
			);
			name = FlappyBird;
			productName = FlappyBird;
			productReference = C430C3912590FD5800C1B0A6 /* FlappyBird.app */;
			productType = "com.apple.product-type.application";
		};
/* End PBXNativeTarget section */

/* Begin PBXProject section */
		C430C3892590FD5800C1B0A6 /* Project object */ = {
			isa = PBXProject;
			attributes = {
				LastSwiftUpdateCheck = 1230;
				LastUpgradeCheck = 1230;
				TargetAttributes = {
					C430C3902590FD5800C1B0A6 = {
						CreatedOnToolsVersion = 12.3;
					};
				};
			};
			buildConfigurationList = C430C38C2590FD5800C1B0A6 /* Build configuration list for PBXProject "FlappyBird" */;
			compatibilityVersion = "Xcode 9.3";
			developmentRegion = en;
			hasScannedForEncodings = 0;
			knownRegions = (
				en,
				Base,
			);
			mainGroup = C430C3882590FD5800C1B0A6;
			productRefGroup = C430C3922590FD5800C1B0A6 /* Products */;
			projectDirPath = "";
			projectRoot = "";
			targets = (
				C430C3902590FD5800C1B0A6 /* FlappyBird */,
			);
		};
/* End PBXProject section */

/* Begin PBXResourcesBuildPhase section */
		C430C38F2590FD5800C1B0A6 /* Resources */ = {
			isa = PBXResourcesBuildPhase;
			buildActionMask = 2147483647;
			files = (
				C430C3D42590FE4800C1B0A6 /* background-day.png in Resources */,
				C430C3D82590FE4800C1B0A6 /* pipe-red.png in Resources */,
				C430C3DD2590FE4800C1B0A6 /* 7.png in Resources */,
				C430C3D22590FE4800C1B0A6 /* 6.png in Resources */,
				C430C3D62590FE4800C1B0A6 /* base.png in Resources */,
				C430C3D32590FE4800C1B0A6 /* redbird-upflap.png in Resources */,
				C430C3DE2590FE4800C1B0A6 /* bluebird-upflap.png in Resources */,
				C430C3D02590FE4800C1B0A6 /* 0.png in Resources */,
				C430C3A02590FD5900C1B0A6 /* Main.storyboard in Resources */,
				C430C3DF2590FE4800C1B0A6 /* 4.png in Resources */,
				C430C3C82590FE4800C1B0A6 /* 9.png in Resources */,
				C430C3D72590FE4800C1B0A6 /* 8.png in Resources */,
				C430C3CC2590FE4800C1B0A6 /* bluebird-midflap.png in Resources */,
				C430C3CB2590FE4800C1B0A6 /* 2.png in Resources */,
				C430C3DA2590FE4800C1B0A6 /* 3.png in Resources */,
				C430C3CF2590FE4800C1B0A6 /* bluebird-downflap.png in Resources */,
				C430C3D92590FE4800C1B0A6 /* yellowbird-downflap.png in Resources */,
				C430C3C92590FE4800C1B0A6 /* redbird-downflap.png in Resources */,
				C430C3DB2590FE4800C1B0A6 /* redbird-midflap.png in Resources */,
				C430C3E12590FE4800C1B0A6 /* yellowbird-midflap.png in Resources */,
				C430C3CA2590FE4800C1B0A6 /* 1.png in Resources */,
				C430C4152592AD2900C1B0A6 /* playbutton.png in Resources */,
				C430C3D12590FE4800C1B0A6 /* gameover.png in Resources */,
				C430C3CD2590FE4800C1B0A6 /* 5.png in Resources */,
				C430C3972590FD5900C1B0A6 /* WorldScene.sks in Resources */,
				C430C3A22590FD5D00C1B0A6 /* Assets.xcassets in Resources */,
				C430C3DC2590FE4800C1B0A6 /* pipe-green.png in Resources */,
				C430C3D52590FE4800C1B0A6 /* yellowbird-upflap.png in Resources */,
				C430C3E02590FE4800C1B0A6 /* background-night.png in Resources */,
				C430C3CE2590FE4800C1B0A6 /* message.png in Resources */,
			);
			runOnlyForDeploymentPostprocessing = 0;
		};
/* End PBXResourcesBuildPhase section */

/* Begin PBXSourcesBuildPhase section */
		C430C38D2590FD5800C1B0A6 /* Sources */ = {
			isa = PBXSourcesBuildPhase;
			buildActionMask = 2147483647;
			files = (
				C430C3E42591076A00C1B0A6 /* Base.swift in Sources */,
				C430C3EC25915B4800C1B0A6 /* PipesGenerator.swift in Sources */,
				C430C39B2590FD5900C1B0A6 /* WorldScene.swift in Sources */,
				C430C39D2590FD5900C1B0A6 /* GameViewController.swift in Sources */,
				C430C3E92591224D00C1B0A6 /* Player.swift in Sources */,
				C430C4122592A5CE00C1B0A6 /* UserInterface.swift in Sources */,
				C430C3952590FD5900C1B0A6 /* AppDelegate.swift in Sources */,
				C4917488259742EA000D09BA /* WorldSceneController.swift in Sources */,
			);
			runOnlyForDeploymentPostprocessing = 0;
		};
/* End PBXSourcesBuildPhase section */

/* Begin PBXVariantGroup section */
		C430C39E2590FD5900C1B0A6 /* Main.storyboard */ = {
			isa = PBXVariantGroup;
			children = (
				C430C39F2590FD5900C1B0A6 /* Base */,
			);
			name = Main.storyboard;
			sourceTree = "<group>";
		};
/* End PBXVariantGroup section */

/* Begin XCBuildConfiguration section */
		C430C3A42590FD5D00C1B0A6 /* Debug */ = {
			isa = XCBuildConfiguration;
			buildSettings = {
				ALWAYS_SEARCH_USER_PATHS = NO;
				CLANG_ANALYZER_NONNULL = YES;
				CLANG_ANALYZER_NUMBER_OBJECT_CONVERSION = YES_AGGRESSIVE;
				CLANG_CXX_LANGUAGE_STANDARD = "gnu++14";
				CLANG_CXX_LIBRARY = "libc++";
				CLANG_ENABLE_MODULES = YES;
				CLANG_ENABLE_OBJC_ARC = YES;
				CLANG_ENABLE_OBJC_WEAK = YES;
				CLANG_WARN_BLOCK_CAPTURE_AUTORELEASING = YES;
				CLANG_WARN_BOOL_CONVERSION = YES;
				CLANG_WARN_COMMA = YES;
				CLANG_WARN_CONSTANT_CONVERSION = YES;
				CLANG_WARN_DEPRECATED_OBJC_IMPLEMENTATIONS = YES;
				CLANG_WARN_DIRECT_OBJC_ISA_USAGE = YES_ERROR;
				CLANG_WARN_DOCUMENTATION_COMMENTS = YES;
				CLANG_WARN_EMPTY_BODY = YES;
				CLANG_WARN_ENUM_CONVERSION = YES;
				CLANG_WARN_INFINITE_RECURSION = YES;
				CLANG_WARN_INT_CONVERSION = YES;
				CLANG_WARN_NON_LITERAL_NULL_CONVERSION = YES;
				CLANG_WARN_OBJC_IMPLICIT_RETAIN_SELF = YES;
				CLANG_WARN_OBJC_LITERAL_CONVERSION = YES;
				CLANG_WARN_OBJC_ROOT_CLASS = YES_ERROR;
				CLANG_WARN_QUOTED_INCLUDE_IN_FRAMEWORK_HEADER = YES;
				CLANG_WARN_RANGE_LOOP_ANALYSIS = YES;
				CLANG_WARN_STRICT_PROTOTYPES = YES;
				CLANG_WARN_SUSPICIOUS_MOVE = YES;
				CLANG_WARN_UNGUARDED_AVAILABILITY = YES_AGGRESSIVE;
				CLANG_WARN_UNREACHABLE_CODE = YES;
				CLANG_WARN__DUPLICATE_METHOD_MATCH = YES;
				COPY_PHASE_STRIP = NO;
				DEBUG_INFORMATION_FORMAT = dwarf;
				ENABLE_STRICT_OBJC_MSGSEND = YES;
				ENABLE_TESTABILITY = YES;
				GCC_C_LANGUAGE_STANDARD = gnu11;
				GCC_DYNAMIC_NO_PIC = NO;
				GCC_NO_COMMON_BLOCKS = YES;
				GCC_OPTIMIZATION_LEVEL = 0;
				GCC_PREPROCESSOR_DEFINITIONS = (
					"DEBUG=1",
					"$(inherited)",
				);
				GCC_WARN_64_TO_32_BIT_CONVERSION = YES;
				GCC_WARN_ABOUT_RETURN_TYPE = YES_ERROR;
				GCC_WARN_UNDECLARED_SELECTOR = YES;
				GCC_WARN_UNINITIALIZED_AUTOS = YES_AGGRESSIVE;
				GCC_WARN_UNUSED_FUNCTION = YES;
				GCC_WARN_UNUSED_VARIABLE = YES;
				IPHONEOS_DEPLOYMENT_TARGET = 14.3;
				MTL_ENABLE_DEBUG_INFO = INCLUDE_SOURCE;
				MTL_FAST_MATH = YES;
				ONLY_ACTIVE_ARCH = YES;
				SDKROOT = iphoneos;
				SWIFT_ACTIVE_COMPILATION_CONDITIONS = DEBUG;
				SWIFT_OPTIMIZATION_LEVEL = "-Onone";
			};
			name = Debug;
		};
		C430C3A52590FD5D00C1B0A6 /* Release */ = {
			isa = XCBuildConfiguration;
			buildSettings = {
				ALWAYS_SEARCH_USER_PATHS = NO;
				CLANG_ANALYZER_NONNULL = YES;
				CLANG_ANALYZER_NUMBER_OBJECT_CONVERSION = YES_AGGRESSIVE;
				CLANG_CXX_LANGUAGE_STANDARD = "gnu++14";
				CLANG_CXX_LIBRARY = "libc++";
				CLANG_ENABLE_MODULES = YES;
				CLANG_ENABLE_OBJC_ARC = YES;
				CLANG_ENABLE_OBJC_WEAK = YES;
				CLANG_WARN_BLOCK_CAPTURE_AUTORELEASING = YES;
				CLANG_WARN_BOOL_CONVERSION = YES;
				CLANG_WARN_COMMA = YES;
				CLANG_WARN_CONSTANT_CONVERSION = YES;
				CLANG_WARN_DEPRECATED_OBJC_IMPLEMENTATIONS = YES;
				CLANG_WARN_DIRECT_OBJC_ISA_USAGE = YES_ERROR;
				CLANG_WARN_DOCUMENTATION_COMMENTS = YES;
				CLANG_WARN_EMPTY_BODY = YES;
				CLANG_WARN_ENUM_CONVERSION = YES;
				CLANG_WARN_INFINITE_RECURSION = YES;
				CLANG_WARN_INT_CONVERSION = YES;
				CLANG_WARN_NON_LITERAL_NULL_CONVERSION = YES;
				CLANG_WARN_OBJC_IMPLICIT_RETAIN_SELF = YES;
				CLANG_WARN_OBJC_LITERAL_CONVERSION = YES;
				CLANG_WARN_OBJC_ROOT_CLASS = YES_ERROR;
				CLANG_WARN_QUOTED_INCLUDE_IN_FRAMEWORK_HEADER = YES;
				CLANG_WARN_RANGE_LOOP_ANALYSIS = YES;
				CLANG_WARN_STRICT_PROTOTYPES = YES;
				CLANG_WARN_SUSPICIOUS_MOVE = YES;
				CLANG_WARN_UNGUARDED_AVAILABILITY = YES_AGGRESSIVE;
				CLANG_WARN_UNREACHABLE_CODE = YES;
				CLANG_WARN__DUPLICATE_METHOD_MATCH = YES;
				COPY_PHASE_STRIP = NO;
				DEBUG_INFORMATION_FORMAT = "dwarf-with-dsym";
				ENABLE_NS_ASSERTIONS = NO;
				ENABLE_STRICT_OBJC_MSGSEND = YES;
				GCC_C_LANGUAGE_STANDARD = gnu11;
				GCC_NO_COMMON_BLOCKS = YES;
				GCC_WARN_64_TO_32_BIT_CONVERSION = YES;
				GCC_WARN_ABOUT_RETURN_TYPE = YES_ERROR;
				GCC_WARN_UNDECLARED_SELECTOR = YES;
				GCC_WARN_UNINITIALIZED_AUTOS = YES_AGGRESSIVE;
				GCC_WARN_UNUSED_FUNCTION = YES;
				GCC_WARN_UNUSED_VARIABLE = YES;
				IPHONEOS_DEPLOYMENT_TARGET = 14.3;
				MTL_ENABLE_DEBUG_INFO = NO;
				MTL_FAST_MATH = YES;
				SDKROOT = iphoneos;
				SWIFT_COMPILATION_MODE = wholemodule;
				SWIFT_OPTIMIZATION_LEVEL = "-O";
				VALIDATE_PRODUCT = YES;
			};
			name = Release;
		};
		C430C3A72590FD5D00C1B0A6 /* Debug */ = {
			isa = XCBuildConfiguration;
			buildSettings = {
				ASSETCATALOG_COMPILER_APPICON_NAME = AppIcon;
				ASSETCATALOG_COMPILER_GLOBAL_ACCENT_COLOR_NAME = AccentColor;
				CODE_SIGN_STYLE = Automatic;
				DEVELOPMENT_TEAM = 8BPKDD8276;
				INFOPLIST_FILE = FlappyBird/Info.plist;
				LD_RUNPATH_SEARCH_PATHS = (
					"$(inherited)",
					"@executable_path/Frameworks",
				);
				PRODUCT_BUNDLE_IDENTIFIER = savik.FlappyBird;
				PRODUCT_NAME = "$(TARGET_NAME)";
				SWIFT_VERSION = 5.0;
				TARGETED_DEVICE_FAMILY = "1,2";
			};
			name = Debug;
		};
		C430C3A82590FD5D00C1B0A6 /* Release */ = {
			isa = XCBuildConfiguration;
			buildSettings = {
				ASSETCATALOG_COMPILER_APPICON_NAME = AppIcon;
				ASSETCATALOG_COMPILER_GLOBAL_ACCENT_COLOR_NAME = AccentColor;
				CODE_SIGN_STYLE = Automatic;
				DEVELOPMENT_TEAM = 8BPKDD8276;
				INFOPLIST_FILE = FlappyBird/Info.plist;
				LD_RUNPATH_SEARCH_PATHS = (
					"$(inherited)",
					"@executable_path/Frameworks",
				);
				PRODUCT_BUNDLE_IDENTIFIER = savik.FlappyBird;
				PRODUCT_NAME = "$(TARGET_NAME)";
				SWIFT_VERSION = 5.0;
				TARGETED_DEVICE_FAMILY = "1,2";
			};
			name = Release;
		};
/* End XCBuildConfiguration section */

/* Begin XCConfigurationList section */
		C430C38C2590FD5800C1B0A6 /* Build configuration list for PBXProject "FlappyBird" */ = {
			isa = XCConfigurationList;
			buildConfigurations = (
				C430C3A42590FD5D00C1B0A6 /* Debug */,
				C430C3A52590FD5D00C1B0A6 /* Release */,
			);
			defaultConfigurationIsVisible = 0;
			defaultConfigurationName = Release;
		};
		C430C3A62590FD5D00C1B0A6 /* Build configuration list for PBXNativeTarget "FlappyBird" */ = {
			isa = XCConfigurationList;
			buildConfigurations = (
				C430C3A72590FD5D00C1B0A6 /* Debug */,
				C430C3A82590FD5D00C1B0A6 /* Release */,
			);
			defaultConfigurationIsVisible = 0;
			defaultConfigurationName = Release;
		};
/* End XCConfigurationList section */
	};
	rootObject = C430C3892590FD5800C1B0A6 /* Project object */;
}
